
Microsoft Visual Studio Solution File, Format Version 12.00
# Visual Studio Version 17
VisualStudioVersion = 17.3.32922.545
MinimumVisualStudioVersion = 10.0.40219.1
Project("{FAE04EC0-301F-11D3-BF4B-00C04F79EFBC}") = "WebBrowser", "WebBrowser\WebBrowser.csproj", "{74A15096-29A2-4226-9990-6C8B4FD6EC4B}"
EndProject
Global
	GlobalSection(SolutionConfigurationPlatforms) = preSolution
		Debug|Any CPU = Debug|Any CPU
		Release|Any CPU = Release|Any CPU
	EndGlobalSection
	GlobalSection(ProjectConfigurationPlatforms) = postSolution
		{74A15096-29A2-4226-9990-6C8B4FD6EC4B}.Debug|Any CPU.ActiveCfg = Debug|Any CPU
		{74A15096-29A2-4226-9990-6C8B4FD6EC4B}.Debug|Any CPU.Build.0 = Debug|Any CPU
		{74A15096-29A2-4226-9990-6C8B4FD6EC4B}.Release|Any CPU.ActiveCfg = Release|Any CPU
		{74A15096-29A2-4226-9990-6C8B4FD6EC4B}.Release|Any CPU.Build.0 = Release|Any CPU
	EndGlobalSection
	GlobalSection(SolutionProperties) = preSolution
		HideSolutionNode = FALSE
	EndGlobalSection
	GlobalSection(ExtensibilityGlobals) = postSolution
		SolutionGuid = {E56ED689-4975-432B-A808-01CA651A1F46}
	EndGlobalSection
EndGlobal
